
Microsoft Visual Studio Solution File, Format Version 12.00
# Visual Studio 15
VisualStudioVersion = 15.0.28307.168
MinimumVisualStudioVersion = 10.0.40219.1
Project("{FAE04EC0-301F-11D3-BF4B-00C04F79EFBC}") = "CMDTicTacToe", "CMDTicTacToe\CMDTicTacToe.csproj", "{0F3A9F8B-0F1D-49E8-AE09-239956677533}"
EndProject
Global
	GlobalSection(SolutionConfigurationPlatforms) = preSolution
		Debug|Any CPU = Debug|Any CPU
		Release|Any CPU = Release|Any CPU
	EndGlobalSection
	GlobalSection(ProjectConfigurationPlatforms) = postSolution
		{0F3A9F8B-0F1D-49E8-AE09-239956677533}.Debug|Any CPU.ActiveCfg = Debug|Any CPU
		{0F3A9F8B-0F1D-49E8-AE09-239956677533}.Debug|Any CPU.Build.0 = Debug|Any CPU
		{0F3A9F8B-0F1D-49E8-AE09-239956677533}.Release|Any CPU.ActiveCfg = Release|Any CPU
		{0F3A9F8B-0F1D-49E8-AE09-239956677533}.Release|Any CPU.Build.0 = Release|Any CPU
	EndGlobalSection
	GlobalSection(SolutionProperties) = preSolution
		HideSolutionNode = FALSE
	EndGlobalSection
	GlobalSection(ExtensibilityGlobals) = postSolution
		SolutionGuid = {F3BB3DE1-B29B-42AC-B01E-3F5CC5EEE4ED}
	EndGlobalSection
EndGlobal
